
Microsoft Visual Studio Solution File, Format Version 12.00
Project("{FAE04EC0-301F-11D3-BF4B-00C04F79EFBC}") = "Aaru.VideoNow", "Aaru.VideoNow\Aaru.VideoNow.csproj", "{FAA37B4C-8EF8-434B-9342-6185DB0D419C}"
EndProject
Global
	GlobalSection(SolutionConfigurationPlatforms) = preSolution
		Debug|Any CPU = Debug|Any CPU
		Release|Any CPU = Release|Any CPU
	EndGlobalSection
	GlobalSection(ProjectConfigurationPlatforms) = postSolution
		{FAA37B4C-8EF8-434B-9342-6185DB0D419C}.Debug|Any CPU.ActiveCfg = Debug|Any CPU
		{FAA37B4C-8EF8-434B-9342-6185DB0D419C}.Debug|Any CPU.Build.0 = Debug|Any CPU
		{FAA37B4C-8EF8-434B-9342-6185DB0D419C}.Release|Any CPU.ActiveCfg = Release|Any CPU
		{FAA37B4C-8EF8-434B-9342-6185DB0D419C}.Release|Any CPU.Build.0 = Release|Any CPU
	EndGlobalSection
EndGlobal
